github.com/elastic/go-grok v0.3.1 h1:WEhUxe2KrwycMnlvMimJXvzRa7DoByJB4PVUIE1ZD/U=
github.com/elastic/go-grok v0.3.1/go.mod h1:n38ls8ZgOboZRgKcjMY8eFeZFMmcL9n2lP0iHhIDk64=
github.com/magefile/mage v1.15.0 h1:BvGheCMAsG3bWUDbZ8AyXXpCNwU9u5CB6sM+HNb9HYg=
github.com/magefile/mage v1.15.0/go.mod h1:z5UZb/iS3GoOSn0JgWuiw7dxlurVYTu+/jHXqQg881A=
